// !$*UTF8*$!
{
	archiveVersion = 1;
	classes = {
	};
	objectVersion = 46;
	objects = {

/* Begin PBXBuildFile section */
		BE55CEB6130F365400058186 /* helloworld.cl in CopyFiles */ = {isa = PBXBuildFile; fileRef = BE737C11130EF08800C2AD29 /* helloworld.cl */; };
		BE55CEB7130F365700058186 /* helloworld in CopyFiles */ = {isa = PBXBuildFile; fileRef = BE737C13130EF12400C2AD29 /* helloworld */; };
		BE737C1A130EF2D500C2AD29 /* Foundation.framework in Frameworks */ = {isa = PBXBuildFile; fileRef = BEBDE386130ED84B00B603CD /* Foundation.framework */; };
		BE737C1D130EF2D500C2AD29 /* main.m in Sources */ = {isa = PBXBuildFile; fileRef = BE737C1C130EF2D500C2AD29 /* main.m */; };
		BE737C24130EF31B00C2AD29 /* RROpenCL.framework in Frameworks */ = {isa = PBXBuildFile; fileRef = BEBDE33F130ED81700B603CD /* RROpenCL.framework */; };
		BEBDE34D130ED81700B603CD /* InfoPlist.strings in Resources */ = {isa = PBXBuildFile; fileRef = BEBDE34B130ED81700B603CD /* InfoPlist.strings */; };
		BEBDE358130ED81700B603CD /* RROpenCL.framework in Frameworks */ = {isa = PBXBuildFile; fileRef = BEBDE33F130ED81700B603CD /* RROpenCL.framework */; };
		BEBDE35E130ED81700B603CD /* InfoPlist.strings in Resources */ = {isa = PBXBuildFile; fileRef = BEBDE35C130ED81700B603CD /* InfoPlist.strings */; };
		BEBDE361130ED81700B603CD /* RROpenCLTests.h in Resources */ = {isa = PBXBuildFile; fileRef = BEBDE360130ED81700B603CD /* RROpenCLTests.h */; };
		BEBDE363130ED81700B603CD /* RROpenCLTests.m in Sources */ = {isa = PBXBuildFile; fileRef = BEBDE362130ED81700B603CD /* RROpenCLTests.m */; };
		BEBDE379130ED82600B603CD /* RROpenCL.h in Headers */ = {isa = PBXBuildFile; fileRef = BEBDE36C130ED82600B603CD /* RROpenCL.h */; settings = {ATTRIBUTES = (Public, ); }; };
		BEBDE37A130ED82600B603CD /* RRCLDevice.h in Headers */ = {isa = PBXBuildFile; fileRef = BEBDE36D130ED82600B603CD /* RRCLDevice.h */; settings = {ATTRIBUTES = (Public, ); }; };
		BEBDE37B130ED82600B603CD /* RRCLDevice.m in Sources */ = {isa = PBXBuildFile; fileRef = BEBDE36E130ED82600B603CD /* RRCLDevice.m */; };
		BEBDE37C130ED82600B603CD /* RRCLContext.h in Headers */ = {isa = PBXBuildFile; fileRef = BEBDE36F130ED82600B603CD /* RRCLContext.h */; settings = {ATTRIBUTES = (Public, ); }; };
		BEBDE37D130ED82600B603CD /* RRCLContext.m in Sources */ = {isa = PBXBuildFile; fileRef = BEBDE370130ED82600B603CD /* RRCLContext.m */; };
		BEBDE37E130ED82600B603CD /* RRCLCommandQueue.h in Headers */ = {isa = PBXBuildFile; fileRef = BEBDE371130ED82600B603CD /* RRCLCommandQueue.h */; settings = {ATTRIBUTES = (Public, ); }; };
		BEBDE37F130ED82600B603CD /* RRCLCommandQueue.m in Sources */ = {isa = PBXBuildFile; fileRef = BEBDE372130ED82600B603CD /* RRCLCommandQueue.m */; };
		BEBDE380130ED82600B603CD /* RRCLProgram.h in Headers */ = {isa = PBXBuildFile; fileRef = BEBDE373130ED82600B603CD /* RRCLProgram.h */; settings = {ATTRIBUTES = (Public, ); }; };
		BEBDE381130ED82600B603CD /* RRCLProgram.m in Sources */ = {isa = PBXBuildFile; fileRef = BEBDE374130ED82600B603CD /* RRCLProgram.m */; };
		BEBDE382130ED82600B603CD /* RRCLKernel.h in Headers */ = {isa = PBXBuildFile; fileRef = BEBDE375130ED82600B603CD /* RRCLKernel.h */; settings = {ATTRIBUTES = (Public, ); }; };
		BEBDE383130ED82600B603CD /* RRCLKernel.m in Sources */ = {isa = PBXBuildFile; fileRef = BEBDE376130ED82600B603CD /* RRCLKernel.m */; };
		BEBDE384130ED82600B603CD /* RRCLBuffer.h in Headers */ = {isa = PBXBuildFile; fileRef = BEBDE377130ED82600B603CD /* RRCLBuffer.h */; settings = {ATTRIBUTES = (Public, ); }; };
		BEBDE385130ED82600B603CD /* RRCLBuffer.m in Sources */ = {isa = PBXBuildFile; fileRef = BEBDE378130ED82600B603CD /* RRCLBuffer.m */; };
		BEBDE388130ED84B00B603CD /* Foundation.framework in Frameworks */ = {isa = PBXBuildFile; fileRef = BEBDE386130ED84B00B603CD /* Foundation.framework */; };
		BEBDE389130ED84B00B603CD /* OpenCL.framework in Frameworks */ = {isa = PBXBuildFile; fileRef = BEBDE387130ED84B00B603CD /* OpenCL.framework */; };
		BEBDE38A130ED95300B603CD /* Foundation.framework in Frameworks */ = {isa = PBXBuildFile; fileRef = BEBDE386130ED84B00B603CD /* Foundation.framework */; };
/* End PBXBuildFile section */

/* Begin PBXContainerItemProxy section */
		BEBDE356130ED81700B603CD /* PBXContainerItemProxy */ = {
			isa = PBXContainerItemProxy;
			containerPortal = BEBDE335130ED81700B603CD /* Project object */;
			proxyType = 1;
			remoteGlobalIDString = BEBDE33E130ED81700B603CD;
			remoteInfo = RROpenCL;
		};
/* End PBXContainerItemProxy section */

/* Begin PBXCopyFilesBuildPhase section */
		BE55CEB5130F364E00058186 /* CopyFiles */ = {
			isa = PBXCopyFilesBuildPhase;
			buildActionMask = 2147483647;
			dstPath = "";
			dstSubfolderSpec = 7;
			files = (
				BE55CEB6130F365400058186 /* helloworld.cl in CopyFiles */,
				BE55CEB7130F365700058186 /* helloworld in CopyFiles */,
			);
			runOnlyForDeploymentPostprocessing = 0;
		};
		BE737C16130EF2D500C2AD29 /* CopyFiles */ = {
			isa = PBXCopyFilesBuildPhase;
			buildActionMask = 2147483647;
			dstPath = /usr/share/man/man1/;
			dstSubfolderSpec = 0;
			files = (
			);
			runOnlyForDeploymentPostprocessing = 1;
		};
/* End PBXCopyFilesBuildPhase section */

/* Begin PBXFileReference section */
		BE737C11130EF08800C2AD29 /* helloworld.cl */ = {isa = PBXFileReference; lastKnownFileType = sourcecode.opencl; path = helloworld.cl; sourceTree = "<group>"; };
		BE737C13130EF12400C2AD29 /* helloworld */ = {isa = PBXFileReference; lastKnownFileType = file.bplist; path = helloworld; sourceTree = "<group>"; };
		BE737C18130EF2D500C2AD29 /* RROpenCLCompiler */ = {isa = PBXFileReference; explicitFileType = "compiled.mach-o.executable"; includeInIndex = 0; path = RROpenCLCompiler; sourceTree = BUILT_PRODUCTS_DIR; };
		BE737C1C130EF2D500C2AD29 /* main.m */ = {isa = PBXFileReference; lastKnownFileType = sourcecode.c.objc; path = main.m; sourceTree = "<group>"; usesTabs = 1; };
		BE737C1F130EF2D500C2AD29 /* RROpenCLCompiler-Prefix.pch */ = {isa = PBXFileReference; lastKnownFileType = sourcecode.c.h; path = "RROpenCLCompiler-Prefix.pch"; sourceTree = "<group>"; };
		BEBDE33F130ED81700B603CD /* RROpenCL.framework */ = {isa = PBXFileReference; explicitFileType = wrapper.framework; includeInIndex = 0; path = RROpenCL.framework; sourceTree = BUILT_PRODUCTS_DIR; };
		BEBDE34A130ED81700B603CD /* RROpenCL-Info.plist */ = {isa = PBXFileReference; lastKnownFileType = text.plist.xml; path = "RROpenCL-Info.plist"; sourceTree = "<group>"; };
		BEBDE34C130ED81700B603CD /* en */ = {isa = PBXFileReference; lastKnownFileType = text.plist.strings; name = en; path = en.lproj/InfoPlist.strings; sourceTree = "<group>"; };
		BEBDE34E130ED81700B603CD /* RROpenCL-Prefix.pch */ = {isa = PBXFileReference; lastKnownFileType = sourcecode.c.h; path = "RROpenCL-Prefix.pch"; sourceTree = "<group>"; usesTabs = 1; };
		BEBDE354130ED81700B603CD /* RROpenCLTests.octest */ = {isa = PBXFileReference; explicitFileType = wrapper.cfbundle; includeInIndex = 0; path = RROpenCLTests.octest; sourceTree = BUILT_PRODUCTS_DIR; };
		BEBDE35B130ED81700B603CD /* RROpenCLTests-Info.plist */ = {isa = PBXFileReference; lastKnownFileType = text.plist.xml; path = "RROpenCLTests-Info.plist"; sourceTree = "<group>"; };
		BEBDE35D130ED81700B603CD /* en */ = {isa = PBXFileReference; lastKnownFileType = text.plist.strings; name = en; path = en.lproj/InfoPlist.strings; sourceTree = "<group>"; };
		BEBDE35F130ED81700B603CD /* RROpenCLTests-Prefix.pch */ = {isa = PBXFileReference; lastKnownFileType = sourcecode.c.h; path = "RROpenCLTests-Prefix.pch"; sourceTree = "<group>"; };
		BEBDE360130ED81700B603CD /* RROpenCLTests.h */ = {isa = PBXFileReference; lastKnownFileType = sourcecode.c.h; path = RROpenCLTests.h; sourceTree = "<group>"; usesTabs = 1; };
		BEBDE362130ED81700B603CD /* RROpenCLTests.m */ = {isa = PBXFileReference; lastKnownFileType = sourcecode.c.objc; path = RROpenCLTests.m; sourceTree = "<group>"; usesTabs = 1; };
		BEBDE36C130ED82600B603CD /* RROpenCL.h */ = {isa = PBXFileReference; fileEncoding = 4; lastKnownFileType = sourcecode.c.h; path = RROpenCL.h; sourceTree = "<group>"; usesTabs = 1; };
		BEBDE36D130ED82600B603CD /* RRCLDevice.h */ = {isa = PBXFileReference; fileEncoding = 4; lastKnownFileType = sourcecode.c.h; path = RRCLDevice.h; sourceTree = "<group>"; usesTabs = 1; };
		BEBDE36E130ED82600B603CD /* RRCLDevice.m */ = {isa = PBXFileReference; fileEncoding = 4; lastKnownFileType = sourcecode.c.objc; path = RRCLDevice.m; sourceTree = "<group>"; usesTabs = 1; };
		BEBDE36F130ED82600B603CD /* RRCLContext.h */ = {isa = PBXFileReference; fileEncoding = 4; lastKnownFileType = sourcecode.c.h; path = RRCLContext.h; sourceTree = "<group>"; usesTabs = 1; };
		BEBDE370130ED82600B603CD /* RRCLContext.m */ = {isa = PBXFileReference; fileEncoding = 4; lastKnownFileType = sourcecode.c.objc; path = RRCLContext.m; sourceTree = "<group>"; usesTabs = 1; };
		BEBDE371130ED82600B603CD /* RRCLCommandQueue.h */ = {isa = PBXFileReference; fileEncoding = 4; lastKnownFileType = sourcecode.c.h; path = RRCLCommandQueue.h; sourceTree = "<group>"; usesTabs = 1; };
		BEBDE372130ED82600B603CD /* RRCLCommandQueue.m */ = {isa = PBXFileReference; fileEncoding = 4; lastKnownFileType = sourcecode.c.objc; path = RRCLCommandQueue.m; sourceTree = "<group>"; usesTabs = 1; };
		BEBDE373130ED82600B603CD /* RRCLProgram.h */ = {isa = PBXFileReference; fileEncoding = 4; lastKnownFileType = sourcecode.c.h; path = RRCLProgram.h; sourceTree = "<group>"; usesTabs = 1; };
		BEBDE374130ED82600B603CD /* RRCLProgram.m */ = {isa = PBXFileReference; fileEncoding = 4; lastKnownFileType = sourcecode.c.objc; path = RRCLProgram.m; sourceTree = "<group>"; usesTabs = 1; };
		BEBDE375130ED82600B603CD /* RRCLKernel.h */ = {isa = PBXFileReference; fileEncoding = 4; lastKnownFileType = sourcecode.c.h; path = RRCLKernel.h; sourceTree = "<group>"; usesTabs = 1; };
		BEBDE376130ED82600B603CD /* RRCLKernel.m */ = {isa = PBXFileReference; fileEncoding = 4; lastKnownFileType = sourcecode.c.objc; path = RRCLKernel.m; sourceTree = "<group>"; usesTabs = 1; };
		BEBDE377130ED82600B603CD /* RRCLBuffer.h */ = {isa = PBXFileReference; fileEncoding = 4; lastKnownFileType = sourcecode.c.h; path = RRCLBuffer.h; sourceTree = "<group>"; usesTabs = 1; };
		BEBDE378130ED82600B603CD /* RRCLBuffer.m */ = {isa = PBXFileReference; fileEncoding = 4; lastKnownFileType = sourcecode.c.objc; path = RRCLBuffer.m; sourceTree = "<group>"; usesTabs = 1; };
		BEBDE386130ED84B00B603CD /* Foundation.framework */ = {isa = PBXFileReference; lastKnownFileType = wrapper.framework; name = Foundation.framework; path = System/Library/Frameworks/Foundation.framework; sourceTree = SDKROOT; };
		BEBDE387130ED84B00B603CD /* OpenCL.framework */ = {isa = PBXFileReference; lastKnownFileType = wrapper.framework; name = OpenCL.framework; path = System/Library/Frameworks/OpenCL.framework; sourceTree = SDKROOT; };
/* End PBXFileReference section */

/* Begin PBXFrameworksBuildPhase section */
		BE737C15130EF2D500C2AD29 /* Frameworks */ = {
			isa = PBXFrameworksBuildPhase;
			buildActionMask = 2147483647;
			files = (
				BE737C1A130EF2D500C2AD29 /* Foundation.framework in Frameworks */,
				BE737C24130EF31B00C2AD29 /* RROpenCL.framework in Frameworks */,
			);
			runOnlyForDeploymentPostprocessing = 0;
		};
		BEBDE33B130ED81700B603CD /* Frameworks */ = {
			isa = PBXFrameworksBuildPhase;
			buildActionMask = 2147483647;
			files = (
				BEBDE388130ED84B00B603CD /* Foundation.framework in Frameworks */,
				BEBDE389130ED84B00B603CD /* OpenCL.framework in Frameworks */,
			);
			runOnlyForDeploymentPostprocessing = 0;
		};
		BEBDE350130ED81700B603CD /* Frameworks */ = {
			isa = PBXFrameworksBuildPhase;
			buildActionMask = 2147483647;
			files = (
				BEBDE358130ED81700B603CD /* RROpenCL.framework in Frameworks */,
				BEBDE38A130ED95300B603CD /* Foundation.framework in Frameworks */,
			);
			runOnlyForDeploymentPostprocessing = 0;
		};
/* End PBXFrameworksBuildPhase section */

/* Begin PBXGroup section */
		BE737C1B130EF2D500C2AD29 /* RROpenCLCompiler */ = {
			isa = PBXGroup;
			children = (
				BE737C1C130EF2D500C2AD29 /* main.m */,
				BE737C1E130EF2D500C2AD29 /* Supporting Files */,
			);
			path = RROpenCLCompiler;
			sourceTree = "<group>";
		};
		BE737C1E130EF2D500C2AD29 /* Supporting Files */ = {
			isa = PBXGroup;
			children = (
				BE737C1F130EF2D500C2AD29 /* RROpenCLCompiler-Prefix.pch */,
			);
			name = "Supporting Files";
			sourceTree = "<group>";
		};
		BEBDE333130ED81700B603CD = {
			isa = PBXGroup;
			children = (
				BEBDE348130ED81700B603CD /* RROpenCL */,
				BEBDE359130ED81700B603CD /* RROpenCLTests */,
				BE737C1B130EF2D500C2AD29 /* RROpenCLCompiler */,
				BEBDE341130ED81700B603CD /* Frameworks */,
				BEBDE340130ED81700B603CD /* Products */,
			);
			sourceTree = "<group>";
		};
		BEBDE340130ED81700B603CD /* Products */ = {
			isa = PBXGroup;
			children = (
				BEBDE33F130ED81700B603CD /* RROpenCL.framework */,
				BEBDE354130ED81700B603CD /* RROpenCLTests.octest */,
				BE737C18130EF2D500C2AD29 /* RROpenCLCompiler */,
			);
			name = Products;
			sourceTree = "<group>";
		};
		BEBDE341130ED81700B603CD /* Frameworks */ = {
			isa = PBXGroup;
			children = (
				BEBDE386130ED84B00B603CD /* Foundation.framework */,
				BEBDE387130ED84B00B603CD /* OpenCL.framework */,
			);
			name = Frameworks;
			sourceTree = "<group>";
		};
		BEBDE348130ED81700B603CD /* RROpenCL */ = {
			isa = PBXGroup;
			children = (
				BEBDE36C130ED82600B603CD /* RROpenCL.h */,
				BEBDE36D130ED82600B603CD /* RRCLDevice.h */,
				BEBDE36E130ED82600B603CD /* RRCLDevice.m */,
				BEBDE36F130ED82600B603CD /* RRCLContext.h */,
				BEBDE370130ED82600B603CD /* RRCLContext.m */,
				BEBDE371130ED82600B603CD /* RRCLCommandQueue.h */,
				BEBDE372130ED82600B603CD /* RRCLCommandQueue.m */,
				BEBDE373130ED82600B603CD /* RRCLProgram.h */,
				BEBDE374130ED82600B603CD /* RRCLProgram.m */,
				BEBDE375130ED82600B603CD /* RRCLKernel.h */,
				BEBDE376130ED82600B603CD /* RRCLKernel.m */,
				BEBDE377130ED82600B603CD /* RRCLBuffer.h */,
				BEBDE378130ED82600B603CD /* RRCLBuffer.m */,
				BEBDE349130ED81700B603CD /* Supporting Files */,
			);
			path = RROpenCL;
			sourceTree = "<group>";
		};
		BEBDE349130ED81700B603CD /* Supporting Files */ = {
			isa = PBXGroup;
			children = (
				BEBDE34A130ED81700B603CD /* RROpenCL-Info.plist */,
				BEBDE34B130ED81700B603CD /* InfoPlist.strings */,
				BEBDE34E130ED81700B603CD /* RROpenCL-Prefix.pch */,
			);
			name = "Supporting Files";
			sourceTree = "<group>";
		};
		BEBDE359130ED81700B603CD /* RROpenCLTests */ = {
			isa = PBXGroup;
			children = (
				BEBDE360130ED81700B603CD /* RROpenCLTests.h */,
				BEBDE362130ED81700B603CD /* RROpenCLTests.m */,
				BEBDE35A130ED81700B603CD /* Supporting Files */,
			);
			path = RROpenCLTests;
			sourceTree = "<group>";
		};
		BEBDE35A130ED81700B603CD /* Supporting Files */ = {
			isa = PBXGroup;
			children = (
				BE737C11130EF08800C2AD29 /* helloworld.cl */,
				BE737C13130EF12400C2AD29 /* helloworld */,
				BEBDE35B130ED81700B603CD /* RROpenCLTests-Info.plist */,
				BEBDE35C130ED81700B603CD /* InfoPlist.strings */,
				BEBDE35F130ED81700B603CD /* RROpenCLTests-Prefix.pch */,
			);
			name = "Supporting Files";
			sourceTree = "<group>";
		};
/* End PBXGroup section */

/* Begin PBXHeadersBuildPhase section */
		BEBDE33C130ED81700B603CD /* Headers */ = {
			isa = PBXHeadersBuildPhase;
			buildActionMask = 2147483647;
			files = (
				BEBDE379130ED82600B603CD /* RROpenCL.h in Headers */,
				BEBDE37A130ED82600B603CD /* RRCLDevice.h in Headers */,
				BEBDE37C130ED82600B603CD /* RRCLContext.h in Headers */,
				BEBDE37E130ED82600B603CD /* RRCLCommandQueue.h in Headers */,
				BEBDE380130ED82600B603CD /* RRCLProgram.h in Headers */,
				BEBDE382130ED82600B603CD /* RRCLKernel.h in Headers */,
				BEBDE384130ED82600B603CD /* RRCLBuffer.h in Headers */,
			);
			runOnlyForDeploymentPostprocessing = 0;
		};
/* End PBXHeadersBuildPhase section */

/* Begin PBXNativeTarget section */
		BE737C17130EF2D500C2AD29 /* RROpenCLCompiler */ = {
			isa = PBXNativeTarget;
			buildConfigurationList = BE737C21130EF2D500C2AD29 /* Build configuration list for PBXNativeTarget "RROpenCLCompiler" */;
			buildPhases = (
				BE737C14130EF2D500C2AD29 /* Sources */,
				BE737C15130EF2D500C2AD29 /* Frameworks */,
				BE737C16130EF2D500C2AD29 /* CopyFiles */,
			);
			buildRules = (
			);
			dependencies = (
			);
			name = RROpenCLCompiler;
			productName = RROpenCLCompiler;
			productReference = BE737C18130EF2D500C2AD29 /* RROpenCLCompiler */;
			productType = "com.apple.product-type.tool";
		};
		BEBDE33E130ED81700B603CD /* RROpenCL */ = {
			isa = PBXNativeTarget;
			buildConfigurationList = BEBDE366130ED81700B603CD /* Build configuration list for PBXNativeTarget "RROpenCL" */;
			buildPhases = (
				BEBDE33A130ED81700B603CD /* Sources */,
				BEBDE33B130ED81700B603CD /* Frameworks */,
				BEBDE33C130ED81700B603CD /* Headers */,
				BEBDE33D130ED81700B603CD /* Resources */,
			);
			buildRules = (
			);
			dependencies = (
			);
			name = RROpenCL;
			productName = RROpenCL;
			productReference = BEBDE33F130ED81700B603CD /* RROpenCL.framework */;
			productType = "com.apple.product-type.framework";
		};
		BEBDE353130ED81700B603CD /* RROpenCLTests */ = {
			isa = PBXNativeTarget;
			buildConfigurationList = BEBDE369130ED81700B603CD /* Build configuration list for PBXNativeTarget "RROpenCLTests" */;
			buildPhases = (
				BEBDE34F130ED81700B603CD /* Sources */,
				BEBDE350130ED81700B603CD /* Frameworks */,
				BEBDE351130ED81700B603CD /* Resources */,
				BE55CEB5130F364E00058186 /* CopyFiles */,
				BEBDE352130ED81700B603CD /* ShellScript */,
			);
			buildRules = (
			);
			dependencies = (
				BEBDE357130ED81700B603CD /* PBXTargetDependency */,
			);
			name = RROpenCLTests;
			productName = RROpenCLTests;
			productReference = BEBDE354130ED81700B603CD /* RROpenCLTests.octest */;
			productType = "com.apple.product-type.bundle";
		};
/* End PBXNativeTarget section */

/* Begin PBXProject section */
		BEBDE335130ED81700B603CD /* Project object */ = {
			isa = PBXProject;
			attributes = {
				ORGANIZATIONNAME = SoftwareElves;
			};
			buildConfigurationList = BEBDE338130ED81700B603CD /* Build configuration list for PBXProject "RROpenCL" */;
			compatibilityVersion = "Xcode 3.2";
			developmentRegion = English;
			hasScannedForEncodings = 0;
			knownRegions = (
				en,
			);
			mainGroup = BEBDE333130ED81700B603CD;
			productRefGroup = BEBDE340130ED81700B603CD /* Products */;
			projectDirPath = "";
			projectRoot = "";
			targets = (
				BEBDE33E130ED81700B603CD /* RROpenCL */,
				BEBDE353130ED81700B603CD /* RROpenCLTests */,
				BE737C17130EF2D500C2AD29 /* RROpenCLCompiler */,
			);
		};
/* End PBXProject section */

/* Begin PBXResourcesBuildPhase section */
		BEBDE33D130ED81700B603CD /* Resources */ = {
			isa = PBXResourcesBuildPhase;
			buildActionMask = 2147483647;
			files = (
				BEBDE34D130ED81700B603CD /* InfoPlist.strings in Resources */,
			);
			runOnlyForDeploymentPostprocessing = 0;
		};
		BEBDE351130ED81700B603CD /* Resources */ = {
			isa = PBXResourcesBuildPhase;
			buildActionMask = 2147483647;
			files = (
				BEBDE35E130ED81700B603CD /* InfoPlist.strings in Resources */,
				BEBDE361130ED81700B603CD /* RROpenCLTests.h in Resources */,
			);
			runOnlyForDeploymentPostprocessing = 0;
		};
/* End PBXResourcesBuildPhase section */

/* Begin PBXShellScriptBuildPhase section */
		BEBDE352130ED81700B603CD /* ShellScript */ = {
			isa = PBXShellScriptBuildPhase;
			buildActionMask = 2147483647;
			files = (
			);
			inputPaths = (
			);
			outputPaths = (
			);
			runOnlyForDeploymentPostprocessing = 0;
			shellPath = /bin/sh;
			shellScript = "# Run the unit tests in this test bundle.\n\"${SYSTEM_DEVELOPER_DIR}/Tools/RunUnitTests\"\n";
		};
/* End PBXShellScriptBuildPhase section */

/* Begin PBXSourcesBuildPhase section */
		BE737C14130EF2D500C2AD29 /* Sources */ = {
			isa = PBXSourcesBuildPhase;
			buildActionMask = 2147483647;
			files = (
				BE737C1D130EF2D500C2AD29 /* main.m in Sources */,
			);
			runOnlyForDeploymentPostprocessing = 0;
		};
		BEBDE33A130ED81700B603CD /* Sources */ = {
			isa = PBXSourcesBuildPhase;
			buildActionMask = 2147483647;
			files = (
				BEBDE37B130ED82600B603CD /* RRCLDevice.m in Sources */,
				BEBDE37D130ED82600B603CD /* RRCLContext.m in Sources */,
				BEBDE37F130ED82600B603CD /* RRCLCommandQueue.m in Sources */,
				BEBDE381130ED82600B603CD /* RRCLProgram.m in Sources */,
				BEBDE383130ED82600B603CD /* RRCLKernel.m in Sources */,
				BEBDE385130ED82600B603CD /* RRCLBuffer.m in Sources */,
			);
			runOnlyForDeploymentPostprocessing = 0;
		};
		BEBDE34F130ED81700B603CD /* Sources */ = {
			isa = PBXSourcesBuildPhase;
			buildActionMask = 2147483647;
			files = (
				BEBDE363130ED81700B603CD /* RROpenCLTests.m in Sources */,
			);
			runOnlyForDeploymentPostprocessing = 0;
		};
/* End PBXSourcesBuildPhase section */

/* Begin PBXTargetDependency section */
		BEBDE357130ED81700B603CD /* PBXTargetDependency */ = {
			isa = PBXTargetDependency;
			target = BEBDE33E130ED81700B603CD /* RROpenCL */;
			targetProxy = BEBDE356130ED81700B603CD /* PBXContainerItemProxy */;
		};
/* End PBXTargetDependency section */

/* Begin PBXVariantGroup section */
		BEBDE34B130ED81700B603CD /* InfoPlist.strings */ = {
			isa = PBXVariantGroup;
			children = (
				BEBDE34C130ED81700B603CD /* en */,
			);
			name = InfoPlist.strings;
			sourceTree = "<group>";
		};
		BEBDE35C130ED81700B603CD /* InfoPlist.strings */ = {
			isa = PBXVariantGroup;
			children = (
				BEBDE35D130ED81700B603CD /* en */,
			);
			name = InfoPlist.strings;
			sourceTree = "<group>";
		};
/* End PBXVariantGroup section */

/* Begin XCBuildConfiguration section */
		BE737C22130EF2D500C2AD29 /* Debug */ = {
			isa = XCBuildConfiguration;
			buildSettings = {
				ALWAYS_SEARCH_USER_PATHS = NO;
				COPY_PHASE_STRIP = NO;
				GCC_DYNAMIC_NO_PIC = NO;
				GCC_ENABLE_OBJC_EXCEPTIONS = YES;
				GCC_PRECOMPILE_PREFIX_HEADER = YES;
				GCC_PREFIX_HEADER = "RROpenCLCompiler/RROpenCLCompiler-Prefix.pch";
				PRODUCT_NAME = "$(TARGET_NAME)";
			};
			name = Debug;
		};
		BE737C23130EF2D500C2AD29 /* Release */ = {
			isa = XCBuildConfiguration;
			buildSettings = {
				ALWAYS_SEARCH_USER_PATHS = NO;
				COPY_PHASE_STRIP = YES;
				DEBUG_INFORMATION_FORMAT = "dwarf-with-dsym";
				GCC_ENABLE_OBJC_EXCEPTIONS = YES;
				GCC_PRECOMPILE_PREFIX_HEADER = YES;
				GCC_PREFIX_HEADER = "RROpenCLCompiler/RROpenCLCompiler-Prefix.pch";
				PRODUCT_NAME = "$(TARGET_NAME)";
			};
			name = Release;
		};
		BEBDE364130ED81700B603CD /* Debug */ = {
			isa = XCBuildConfiguration;
			buildSettings = {
				ARCHS = "$(ARCHS_STANDARD_32_64_BIT)";
				GCC_C_LANGUAGE_STANDARD = gnu99;
				GCC_OPTIMIZATION_LEVEL = 0;
				GCC_PREPROCESSOR_DEFINITIONS = DEBUG;
				GCC_VERSION = com.apple.compilers.llvm.clang.1_0;
				GCC_WARN_64_TO_32_BIT_CONVERSION = YES;
				GCC_WARN_ABOUT_RETURN_TYPE = YES;
				GCC_WARN_UNUSED_VARIABLE = YES;
				MACOSX_DEPLOYMENT_TARGET = 10.6;
				ONLY_ACTIVE_ARCH = YES;
				SDKROOT = macosx;
			};
			name = Debug;
		};
		BEBDE365130ED81700B603CD /* Release */ = {
			isa = XCBuildConfiguration;
			buildSettings = {
				ARCHS = "$(ARCHS_STANDARD_32_64_BIT)";
				GCC_C_LANGUAGE_STANDARD = gnu99;
				GCC_VERSION = com.apple.compilers.llvm.clang.1_0;
				GCC_WARN_64_TO_32_BIT_CONVERSION = YES;
				GCC_WARN_ABOUT_RETURN_TYPE = YES;
				GCC_WARN_UNUSED_VARIABLE = YES;
				MACOSX_DEPLOYMENT_TARGET = 10.6;
				SDKROOT = macosx;
			};
			name = Release;
		};
		BEBDE367130ED81700B603CD /* Debug */ = {
			isa = XCBuildConfiguration;
			buildSettings = {
				ALWAYS_SEARCH_USER_PATHS = NO;
				COPY_PHASE_STRIP = NO;
				DYLIB_COMPATIBILITY_VERSION = 1;
				DYLIB_CURRENT_VERSION = 1;
				FRAMEWORK_VERSION = A;
				GCC_DYNAMIC_NO_PIC = NO;
				GCC_ENABLE_OBJC_EXCEPTIONS = YES;
				GCC_PRECOMPILE_PREFIX_HEADER = YES;
				GCC_PREFIX_HEADER = "RROpenCL/RROpenCL-Prefix.pch";
				INFOPLIST_FILE = "RROpenCL/RROpenCL-Info.plist";
				PRODUCT_NAME = "$(TARGET_NAME)";
				WRAPPER_EXTENSION = framework;
			};
			name = Debug;
		};
		BEBDE368130ED81700B603CD /* Release */ = {
			isa = XCBuildConfiguration;
			buildSettings = {
				ALWAYS_SEARCH_USER_PATHS = NO;
				COPY_PHASE_STRIP = YES;
				DEBUG_INFORMATION_FORMAT = "dwarf-with-dsym";
				DYLIB_COMPATIBILITY_VERSION = 1;
				DYLIB_CURRENT_VERSION = 1;
				FRAMEWORK_VERSION = A;
				GCC_ENABLE_OBJC_EXCEPTIONS = YES;
				GCC_PRECOMPILE_PREFIX_HEADER = YES;
				GCC_PREFIX_HEADER = "RROpenCL/RROpenCL-Prefix.pch";
				INFOPLIST_FILE = "RROpenCL/RROpenCL-Info.plist";
				PRODUCT_NAME = "$(TARGET_NAME)";
				WRAPPER_EXTENSION = framework;
			};
			name = Release;
		};
		BEBDE36A130ED81700B603CD /* Debug */ = {
			isa = XCBuildConfiguration;
			buildSettings = {
				ALWAYS_SEARCH_USER_PATHS = NO;
				COPY_PHASE_STRIP = NO;
				FRAMEWORK_SEARCH_PATHS = "$(DEVELOPER_LIBRARY_DIR)/Frameworks";
				GCC_DYNAMIC_NO_PIC = NO;
				GCC_ENABLE_OBJC_EXCEPTIONS = YES;
				GCC_PRECOMPILE_PREFIX_HEADER = YES;
				GCC_PREFIX_HEADER = "RROpenCLTests/RROpenCLTests-Prefix.pch";
				INFOPLIST_FILE = "RROpenCLTests/RROpenCLTests-Info.plist";
				INSTALL_PATH = "$(USER_LIBRARY_DIR)/Bundles";
				OTHER_LDFLAGS = (
					"-framework",
					SenTestingKit,
				);
				PRODUCT_NAME = "$(TARGET_NAME)";
				WRAPPER_EXTENSION = octest;
			};
			name = Debug;
		};
		BEBDE36B130ED81700B603CD /* Release */ = {
			isa = XCBuildConfiguration;
			buildSettings = {
				ALWAYS_SEARCH_USER_PATHS = NO;
				COPY_PHASE_STRIP = YES;
				DEBUG_INFORMATION_FORMAT = "dwarf-with-dsym";
				FRAMEWORK_SEARCH_PATHS = "$(DEVELOPER_LIBRARY_DIR)/Frameworks";
				GCC_ENABLE_OBJC_EXCEPTIONS = YES;
				GCC_PRECOMPILE_PREFIX_HEADER = YES;
				GCC_PREFIX_HEADER = "RROpenCLTests/RROpenCLTests-Prefix.pch";
				INFOPLIST_FILE = "RROpenCLTests/RROpenCLTests-Info.plist";
				INSTALL_PATH = "$(USER_LIBRARY_DIR)/Bundles";
				OTHER_LDFLAGS = (
					"-framework",
					SenTestingKit,
				);
				PRODUCT_NAME = "$(TARGET_NAME)";
				WRAPPER_EXTENSION = octest;
			};
			name = Release;
		};
/* End XCBuildConfiguration section */

/* Begin XCConfigurationList section */
		BE737C21130EF2D500C2AD29 /* Build configuration list for PBXNativeTarget "RROpenCLCompiler" */ = {
			isa = XCConfigurationList;
			buildConfigurations = (
				BE737C22130EF2D500C2AD29 /* Debug */,
				BE737C23130EF2D500C2AD29 /* Release */,
			);
			defaultConfigurationIsVisible = 0;
			defaultConfigurationName = Release;
		};
		BEBDE338130ED81700B603CD /* Build configuration list for PBXProject "RROpenCL" */ = {
			isa = XCConfigurationList;
			buildConfigurations = (
				BEBDE364130ED81700B603CD /* Debug */,
				BEBDE365130ED81700B603CD /* Release */,
			);
			defaultConfigurationIsVisible = 0;
			defaultConfigurationName = Release;
		};
		BEBDE366130ED81700B603CD /* Build configuration list for PBXNativeTarget "RROpenCL" */ = {
			isa = XCConfigurationList;
			buildConfigurations = (
				BEBDE367130ED81700B603CD /* Debug */,
				BEBDE368130ED81700B603CD /* Release */,
			);
			defaultConfigurationIsVisible = 0;
			defaultConfigurationName = Release;
		};
		BEBDE369130ED81700B603CD /* Build configuration list for PBXNativeTarget "RROpenCLTests" */ = {
			isa = XCConfigurationList;
			buildConfigurations = (
				BEBDE36A130ED81700B603CD /* Debug */,
				BEBDE36B130ED81700B603CD /* Release */,
			);
			defaultConfigurationIsVisible = 0;
			defaultConfigurationName = Release;
		};
/* End XCConfigurationList section */
	};
	rootObject = BEBDE335130ED81700B603CD /* Project object */;
}
